
Microsoft Visual Studio Solution File, Format Version 12.00
# Visual Studio 14
VisualStudioVersion = 14.0.25420.1
MinimumVisualStudioVersion = 10.0.40219.1
Project("{8BC9CEB8-8B4A-11D0-8D11-00A0C91BC942}") = "NativeLoader", "NativeLoader\NativeLoader.vcxproj", "{7E1CEBD6-870F-4658-AE0F-D11131DFE397}"
EndProject
Project("{8BC9CEB8-8B4A-11D0-8D11-00A0C91BC942}") = "NLCompressor", "NLCompressor\NLCompressor.vcxproj", "{F7F4E6F9-0271-409B-8C55-022306C074DA}"
EndProject
Global
	GlobalSection(SolutionConfigurationPlatforms) = preSolution
		Debug|x64 = Debug|x64
		Debug|x86 = Debug|x86
		Release|x64 = Release|x64
		Release|x86 = Release|x86
	EndGlobalSection
	GlobalSection(ProjectConfigurationPlatforms) = postSolution
		{7E1CEBD6-870F-4658-AE0F-D11131DFE397}.Debug|x64.ActiveCfg = Debug|x64
		{7E1CEBD6-870F-4658-AE0F-D11131DFE397}.Debug|x64.Build.0 = Debug|x64
		{7E1CEBD6-870F-4658-AE0F-D11131DFE397}.Debug|x86.ActiveCfg = Debug|Win32
		{7E1CEBD6-870F-4658-AE0F-D11131DFE397}.Debug|x86.Build.0 = Debug|Win32
		{7E1CEBD6-870F-4658-AE0F-D11131DFE397}.Release|x64.ActiveCfg = Release|x64
		{7E1CEBD6-870F-4658-AE0F-D11131DFE397}.Release|x64.Build.0 = Release|x64
		{7E1CEBD6-870F-4658-AE0F-D11131DFE397}.Release|x86.ActiveCfg = Release|Win32
		{7E1CEBD6-870F-4658-AE0F-D11131DFE397}.Release|x86.Build.0 = Release|Win32
		{F7F4E6F9-0271-409B-8C55-022306C074DA}.Debug|x64.ActiveCfg = Debug|x64
		{F7F4E6F9-0271-409B-8C55-022306C074DA}.Debug|x64.Build.0 = Debug|x64
		{F7F4E6F9-0271-409B-8C55-022306C074DA}.Debug|x86.ActiveCfg = Debug|Win32
		{F7F4E6F9-0271-409B-8C55-022306C074DA}.Debug|x86.Build.0 = Debug|Win32
		{F7F4E6F9-0271-409B-8C55-022306C074DA}.Release|x64.ActiveCfg = Release|x64
		{F7F4E6F9-0271-409B-8C55-022306C074DA}.Release|x64.Build.0 = Release|x64
		{F7F4E6F9-0271-409B-8C55-022306C074DA}.Release|x86.ActiveCfg = Release|Win32
		{F7F4E6F9-0271-409B-8C55-022306C074DA}.Release|x86.Build.0 = Release|Win32
	EndGlobalSection
	GlobalSection(SolutionProperties) = preSolution
		HideSolutionNode = FALSE
	EndGlobalSection
EndGlobal
